
Microsoft Visual Studio Solution File, Format Version 12.00
# Visual Studio 15
VisualStudioVersion = 15.0.28307.1259
MinimumVisualStudioVersion = 10.0.40219.1
Project("{FAE04EC0-301F-11D3-BF4B-00C04F79EFBC}") = "HarryStoreApp", "HarryStoreApp\HarryStoreApp.csproj", "{27B4EDBD-FD4F-42C3-9552-1B8D1BE03046}"
EndProject
Global
	GlobalSection(SolutionConfigurationPlatforms) = preSolution
		Debug|Any CPU = Debug|Any CPU
		Release|Any CPU = Release|Any CPU
	EndGlobalSection
	GlobalSection(ProjectConfigurationPlatforms) = postSolution
		{27B4EDBD-FD4F-42C3-9552-1B8D1BE03046}.Debug|Any CPU.ActiveCfg = Debug|Any CPU
		{27B4EDBD-FD4F-42C3-9552-1B8D1BE03046}.Debug|Any CPU.Build.0 = Debug|Any CPU
		{27B4EDBD-FD4F-42C3-9552-1B8D1BE03046}.Release|Any CPU.ActiveCfg = Release|Any CPU
		{27B4EDBD-FD4F-42C3-9552-1B8D1BE03046}.Release|Any CPU.Build.0 = Release|Any CPU
	EndGlobalSection
	GlobalSection(SolutionProperties) = preSolution
		HideSolutionNode = FALSE
	EndGlobalSection
	GlobalSection(ExtensibilityGlobals) = postSolution
		SolutionGuid = {1A994EFF-7938-4C28-AB31-271E56F7C0F2}
	EndGlobalSection
EndGlobal
